
Microsoft Visual Studio Solution File, Format Version 12.00
# Visual Studio Version 16
VisualStudioVersion = 16.0.30114.105
MinimumVisualStudioVersion = 10.0.40219.1
Project("{FAE04EC0-301F-11D3-BF4B-00C04F79EFBC}") = "BookListRazor", "BookListRazor\BookListRazor.csproj", "{5A37203F-B2B0-4FBA-8144-87F5FC114A7A}"
EndProject
Global
	GlobalSection(SolutionConfigurationPlatforms) = preSolution
		Debug|Any CPU = Debug|Any CPU
		Release|Any CPU = Release|Any CPU
	EndGlobalSection
	GlobalSection(ProjectConfigurationPlatforms) = postSolution
		{5A37203F-B2B0-4FBA-8144-87F5FC114A7A}.Debug|Any CPU.ActiveCfg = Debug|Any CPU
		{5A37203F-B2B0-4FBA-8144-87F5FC114A7A}.Debug|Any CPU.Build.0 = Debug|Any CPU
		{5A37203F-B2B0-4FBA-8144-87F5FC114A7A}.Release|Any CPU.ActiveCfg = Release|Any CPU
		{5A37203F-B2B0-4FBA-8144-87F5FC114A7A}.Release|Any CPU.Build.0 = Release|Any CPU
	EndGlobalSection
	GlobalSection(SolutionProperties) = preSolution
		HideSolutionNode = FALSE
	EndGlobalSection
	GlobalSection(ExtensibilityGlobals) = postSolution
		SolutionGuid = {B3849A04-383B-4BB2-A726-A8B9FEDCB8E5}
	EndGlobalSection
EndGlobal
